PODS:
  - CocoaLumberjack (2.0.0-beta4):
    - CocoaLumberjack/Default
    - CocoaLumberjack/Extensions
  - CocoaLumberjack/Core (2.0.0-beta4)
  - CocoaLumberjack/Default (2.0.0-beta4):
    - CocoaLumberjack/Core
  - CocoaLumberjack/Extensions (2.0.0-beta4):
    - CocoaLumberjack/Default
  - MagicalRecord (3.0.0.dev.1415883009):
    - MagicalRecord/Core
  - MagicalRecord/Core (3.0.0.dev.1415883009)

DEPENDENCIES:
  - CocoaLumberjack
  - MagicalRecord (from `https://github.com/magicalpanda/MagicalRecord.git`, branch `release/3.0`)

EXTERNAL SOURCES:
  MagicalRecord:
    :branch: release/3.0
    :git: https://github.com/magicalpanda/MagicalRecord.git

SPEC CHECKSUMS:
  CocoaLumberjack: 24153b24b17d853d7182b22b128971fb98e8cb18
  MagicalRecord: 1108009980499d6f370a373c16afb1f52635fde8

COCOAPODS: 0.34.4
